
Microsoft Visual Studio Solution File, Format Version 12.00
# Visual Studio Version 16
VisualStudioVersion = 16.0.31624.102
MinimumVisualStudioVersion = 10.0.40219.1
Project("{FAE04EC0-301F-11D3-BF4B-00C04F79EFBC}") = "MayınTarlası", "MayınTarlası.csproj", "{5EF38B18-5184-4E3F-9723-4C3386367762}"
EndProject
Global
	GlobalSection(SolutionConfigurationPlatforms) = preSolution
		Debug|Any CPU = Debug|Any CPU
		Release|Any CPU = Release|Any CPU
	EndGlobalSection
	GlobalSection(ProjectConfigurationPlatforms) = postSolution
		{5EF38B18-5184-4E3F-9723-4C3386367762}.Debug|Any CPU.ActiveCfg = Debug|Any CPU
		{5EF38B18-5184-4E3F-9723-4C3386367762}.Debug|Any CPU.Build.0 = Debug|Any CPU
		{5EF38B18-5184-4E3F-9723-4C3386367762}.Release|Any CPU.ActiveCfg = Release|Any CPU
		{5EF38B18-5184-4E3F-9723-4C3386367762}.Release|Any CPU.Build.0 = Release|Any CPU
	EndGlobalSection
	GlobalSection(SolutionProperties) = preSolution
		HideSolutionNode = FALSE
	EndGlobalSection
	GlobalSection(ExtensibilityGlobals) = postSolution
		SolutionGuid = {F4DC1512-6695-4664-8116-4C606926A795}
	EndGlobalSection
EndGlobal
